// !$*UTF8*$!
{
	archiveVersion = 1;
	classes = {
	};
	objectVersion = 50;
	objects = {

/* Begin PBXBuildFile section */
		4C2920C438DAAFA919EC1C3C /* Pods_SNExtensions.framework in Frameworks */ = {isa = PBXBuildFile; fileRef = BCE4FB40F80B45ECEF86AC55 /* Pods_SNExtensions.framework */; };
		DE0A043B2121519700693022 /* AppDelegate.swift in Sources */ = {isa = PBXBuildFile; fileRef = DE0A043A2121519700693022 /* AppDelegate.swift */; };
		DE0A043D2121519700693022 /* ViewController.swift in Sources */ = {isa = PBXBuildFile; fileRef = DE0A043C2121519700693022 /* ViewController.swift */; };
		DE0A04402121519700693022 /* Main.storyboard in Resources */ = {isa = PBXBuildFile; fileRef = DE0A043E2121519700693022 /* Main.storyboard */; };
		DE0A04422121519800693022 /* Assets.xcassets in Resources */ = {isa = PBXBuildFile; fileRef = DE0A04412121519800693022 /* Assets.xcassets */; };
		DE0A04452121519800693022 /* LaunchScreen.storyboard in Resources */ = {isa = PBXBuildFile; fileRef = DE0A04432121519800693022 /* LaunchScreen.storyboard */; };
		DE0A04502121519800693022 /* SNExtensionsTests.swift in Sources */ = {isa = PBXBuildFile; fileRef = DE0A044F2121519800693022 /* SNExtensionsTests.swift */; };
		DE0A045B2121519800693022 /* SNExtensionsUITests.swift in Sources */ = {isa = PBXBuildFile; fileRef = DE0A045A2121519800693022 /* SNExtensionsUITests.swift */; };
		DE0A0479212152C200693022 /* UIButtonExtension.swift in Sources */ = {isa = PBXBuildFile; fileRef = DE0A0469212152C200693022 /* UIButtonExtension.swift */; };
		DE0A047A212152C200693022 /* UIScreenExtension.swift in Sources */ = {isa = PBXBuildFile; fileRef = DE0A046A212152C200693022 /* UIScreenExtension.swift */; };
		DE0A047C212152C200693022 /* NSObjectExtension.swift in Sources */ = {isa = PBXBuildFile; fileRef = DE0A046C212152C200693022 /* NSObjectExtension.swift */; };
		DE0A047D212152C200693022 /* NotificationCenterExtension.swift in Sources */ = {isa = PBXBuildFile; fileRef = DE0A046D212152C200693022 /* NotificationCenterExtension.swift */; };
		DE0A047E212152C200693022 /* TimerExtension.swift in Sources */ = {isa = PBXBuildFile; fileRef = DE0A046E212152C200693022 /* TimerExtension.swift */; };
		DE0A047F212152C200693022 /* IntExtension.swift in Sources */ = {isa = PBXBuildFile; fileRef = DE0A046F212152C200693022 /* IntExtension.swift */; };
		DE0A0480212152C200693022 /* UIViewExtension.swift in Sources */ = {isa = PBXBuildFile; fileRef = DE0A0470212152C200693022 /* UIViewExtension.swift */; };
		DE0A0481212152C200693022 /* URLExtension.swift in Sources */ = {isa = PBXBuildFile; fileRef = DE0A0471212152C200693022 /* URLExtension.swift */; };
		DE0A0482212152C200693022 /* DataExtension.swift in Sources */ = {isa = PBXBuildFile; fileRef = DE0A0472212152C200693022 /* DataExtension.swift */; };
		DE0A0483212152C200693022 /* SNMD5.swift in Sources */ = {isa = PBXBuildFile; fileRef = DE0A0473212152C200693022 /* SNMD5.swift */; };
		DE0A0484212152C200693022 /* UIFontExtension.swift in Sources */ = {isa = PBXBuildFile; fileRef = DE0A0474212152C200693022 /* UIFontExtension.swift */; };
		DE0A0485212152C200693022 /* StringExtension.swift in Sources */ = {isa = PBXBuildFile; fileRef = DE0A0475212152C200693022 /* StringExtension.swift */; };
		DE0A0486212152C200693022 /* DictionaryExtension.swift in Sources */ = {isa = PBXBuildFile; fileRef = DE0A0476212152C200693022 /* DictionaryExtension.swift */; };
		DE0A0487212152C200693022 /* UIImageExtension.swift in Sources */ = {isa = PBXBuildFile; fileRef = DE0A0477212152C200693022 /* UIImageExtension.swift */; };
		DE0A0488212152C200693022 /* DateExtension.swift in Sources */ = {isa = PBXBuildFile; fileRef = DE0A0478212152C200693022 /* DateExtension.swift */; };
/* End PBXBuildFile section */

/* Begin PBXContainerItemProxy section */
		DE0A044C2121519800693022 /* PBXContainerItemProxy */ = {
			isa = PBXContainerItemProxy;
			containerPortal = DE0A042F2121519700693022 /* Project object */;
			proxyType = 1;
			remoteGlobalIDString = DE0A04362121519700693022;
			remoteInfo = SNExtensions;
		};
		DE0A04572121519800693022 /* PBXContainerItemProxy */ = {
			isa = PBXContainerItemProxy;
			containerPortal = DE0A042F2121519700693022 /* Project object */;
			proxyType = 1;
			remoteGlobalIDString = DE0A04362121519700693022;
			remoteInfo = SNExtensions;
		};
/* End PBXContainerItemProxy section */

/* Begin PBXFileReference section */
		7D0F640CDAE72371B8A8E79C /* Pods-SNExtensions.release.xcconfig */ = {isa = PBXFileReference; includeInIndex = 1; lastKnownFileType = text.xcconfig; name = "Pods-SNExtensions.release.xcconfig"; path = "Pods/Target Support Files/Pods-SNExtensions/Pods-SNExtensions.release.xcconfig"; sourceTree = "<group>"; };
		BCE4FB40F80B45ECEF86AC55 /* Pods_SNExtensions.framework */ = {isa = PBXFileReference; explicitFileType = wrapper.framework; includeInIndex = 0; path = Pods_SNExtensions.framework; sourceTree = BUILT_PRODUCTS_DIR; };
		CD5EE78E5DC6BA3FC9425EE2 /* Pods-SNExtensions.debug.xcconfig */ = {isa = PBXFileReference; includeInIndex = 1; lastKnownFileType = text.xcconfig; name = "Pods-SNExtensions.debug.xcconfig"; path = "Pods/Target Support Files/Pods-SNExtensions/Pods-SNExtensions.debug.xcconfig"; sourceTree = "<group>"; };
		DE0A04372121519700693022 /* SNExtensions.app */ = {isa = PBXFileReference; explicitFileType = wrapper.application; includeInIndex = 0; path = SNExtensions.app; sourceTree = BUILT_PRODUCTS_DIR; };
		DE0A043A2121519700693022 /* AppDelegate.swift */ = {isa = PBXFileReference; lastKnownFileType = sourcecode.swift; path = AppDelegate.swift; sourceTree = "<group>"; };
		DE0A043C2121519700693022 /* ViewController.swift */ = {isa = PBXFileReference; lastKnownFileType = sourcecode.swift; path = ViewController.swift; sourceTree = "<group>"; };
		DE0A043F2121519700693022 /* Base */ = {isa = PBXFileReference; lastKnownFileType = file.storyboard; name = Base; path = Base.lproj/Main.storyboard; sourceTree = "<group>"; };
		DE0A04412121519800693022 /* Assets.xcassets */ = {isa = PBXFileReference; lastKnownFileType = folder.assetcatalog; path = Assets.xcassets; sourceTree = "<group>"; };
		DE0A04442121519800693022 /* Base */ = {isa = PBXFileReference; lastKnownFileType = file.storyboard; name = Base; path = Base.lproj/LaunchScreen.storyboard; sourceTree = "<group>"; };
		DE0A04462121519800693022 /* Info.plist */ = {isa = PBXFileReference; lastKnownFileType = text.plist.xml; path = Info.plist; sourceTree = "<group>"; };
		DE0A044B2121519800693022 /* SNExtensionsTests.xctest */ = {isa = PBXFileReference; explicitFileType = wrapper.cfbundle; includeInIndex = 0; path = SNExtensionsTests.xctest; sourceTree = BUILT_PRODUCTS_DIR; };
		DE0A044F2121519800693022 /* SNExtensionsTests.swift */ = {isa = PBXFileReference; lastKnownFileType = sourcecode.swift; path = SNExtensionsTests.swift; sourceTree = "<group>"; };
		DE0A04512121519800693022 /* Info.plist */ = {isa = PBXFileReference; lastKnownFileType = text.plist.xml; path = Info.plist; sourceTree = "<group>"; };
		DE0A04562121519800693022 /* SNExtensionsUITests.xctest */ = {isa = PBXFileReference; explicitFileType = wrapper.cfbundle; includeInIndex = 0; path = SNExtensionsUITests.xctest; sourceTree = BUILT_PRODUCTS_DIR; };
		DE0A045A2121519800693022 /* SNExtensionsUITests.swift */ = {isa = PBXFileReference; lastKnownFileType = sourcecode.swift; path = SNExtensionsUITests.swift; sourceTree = "<group>"; };
		DE0A045C2121519800693022 /* Info.plist */ = {isa = PBXFileReference; lastKnownFileType = text.plist.xml; path = Info.plist; sourceTree = "<group>"; };
		DE0A0469212152C200693022 /* UIButtonExtension.swift */ = {isa = PBXFileReference; fileEncoding = 4; lastKnownFileType = sourcecode.swift; path = UIButtonExtension.swift; sourceTree = "<group>"; };
		DE0A046A212152C200693022 /* UIScreenExtension.swift */ = {isa = PBXFileReference; fileEncoding = 4; lastKnownFileType = sourcecode.swift; path = UIScreenExtension.swift; sourceTree = "<group>"; };
		DE0A046C212152C200693022 /* NSObjectExtension.swift */ = {isa = PBXFileReference; fileEncoding = 4; lastKnownFileType = sourcecode.swift; path = NSObjectExtension.swift; sourceTree = "<group>"; };
		DE0A046D212152C200693022 /* NotificationCenterExtension.swift */ = {isa = PBXFileReference; fileEncoding = 4; lastKnownFileType = sourcecode.swift; path = NotificationCenterExtension.swift; sourceTree = "<group>"; };
		DE0A046E212152C200693022 /* TimerExtension.swift */ = {isa = PBXFileReference; fileEncoding = 4; lastKnownFileType = sourcecode.swift; path = TimerExtension.swift; sourceTree = "<group>"; };
		DE0A046F212152C200693022 /* IntExtension.swift */ = {isa = PBXFileReference; fileEncoding = 4; lastKnownFileType = sourcecode.swift; path = IntExtension.swift; sourceTree = "<group>"; };
		DE0A0470212152C200693022 /* UIViewExtension.swift */ = {isa = PBXFileReference; fileEncoding = 4; lastKnownFileType = sourcecode.swift; path = UIViewExtension.swift; sourceTree = "<group>"; };
		DE0A0471212152C200693022 /* URLExtension.swift */ = {isa = PBXFileReference; fileEncoding = 4; lastKnownFileType = sourcecode.swift; path = URLExtension.swift; sourceTree = "<group>"; };
		DE0A0472212152C200693022 /* DataExtension.swift */ = {isa = PBXFileReference; fileEncoding = 4; lastKnownFileType = sourcecode.swift; path = DataExtension.swift; sourceTree = "<group>"; };
		DE0A0473212152C200693022 /* SNMD5.swift */ = {isa = PBXFileReference; fileEncoding = 4; lastKnownFileType = sourcecode.swift; path = SNMD5.swift; sourceTree = "<group>"; };
		DE0A0474212152C200693022 /* UIFontExtension.swift */ = {isa = PBXFileReference; fileEncoding = 4; lastKnownFileType = sourcecode.swift; path = UIFontExtension.swift; sourceTree = "<group>"; };
		DE0A0475212152C200693022 /* StringExtension.swift */ = {isa = PBXFileReference; fileEncoding = 4; lastKnownFileType = sourcecode.swift; path = StringExtension.swift; sourceTree = "<group>"; };
		DE0A0476212152C200693022 /* DictionaryExtension.swift */ = {isa = PBXFileReference; fileEncoding = 4; lastKnownFileType = sourcecode.swift; path = DictionaryExtension.swift; sourceTree = "<group>"; };
		DE0A0477212152C200693022 /* UIImageExtension.swift */ = {isa = PBXFileReference; fileEncoding = 4; lastKnownFileType = sourcecode.swift; path = UIImageExtension.swift; sourceTree = "<group>"; };
		DE0A0478212152C200693022 /* DateExtension.swift */ = {isa = PBXFileReference; fileEncoding = 4; lastKnownFileType = sourcecode.swift; path = DateExtension.swift; sourceTree = "<group>"; };
/* End PBXFileReference section */

/* Begin PBXFrameworksBuildPhase section */
		DE0A04342121519700693022 /* Frameworks */ = {
			isa = PBXFrameworksBuildPhase;
			buildActionMask = 2147483647;
			files = (
				4C2920C438DAAFA919EC1C3C /* Pods_SNExtensions.framework in Frameworks */,
			);
			runOnlyForDeploymentPostprocessing = 0;
		};
		DE0A04482121519800693022 /* Frameworks */ = {
			isa = PBXFrameworksBuildPhase;
			buildActionMask = 2147483647;
			files = (
			);
			runOnlyForDeploymentPostprocessing = 0;
		};
		DE0A04532121519800693022 /* Frameworks */ = {
			isa = PBXFrameworksBuildPhase;
			buildActionMask = 2147483647;
			files = (
			);
			runOnlyForDeploymentPostprocessing = 0;
		};
/* End PBXFrameworksBuildPhase section */

/* Begin PBXGroup section */
		4ED312A7BDF687A70529EA24 /* Pods */ = {
			isa = PBXGroup;
			children = (
				CD5EE78E5DC6BA3FC9425EE2 /* Pods-SNExtensions.debug.xcconfig */,
				7D0F640CDAE72371B8A8E79C /* Pods-SNExtensions.release.xcconfig */,
			);
			name = Pods;
			sourceTree = "<group>";
		};
		DD28FE9D136C8B223B2C299F /* Frameworks */ = {
			isa = PBXGroup;
			children = (
				BCE4FB40F80B45ECEF86AC55 /* Pods_SNExtensions.framework */,
			);
			name = Frameworks;
			sourceTree = "<group>";
		};
		DE0A042E2121519700693022 = {
			isa = PBXGroup;
			children = (
				DE0A04392121519700693022 /* SNExtensions */,
				DE0A044E2121519800693022 /* SNExtensionsTests */,
				DE0A04592121519800693022 /* SNExtensionsUITests */,
				DE0A04382121519700693022 /* Products */,
				4ED312A7BDF687A70529EA24 /* Pods */,
				DD28FE9D136C8B223B2C299F /* Frameworks */,
			);
			sourceTree = "<group>";
		};
		DE0A04382121519700693022 /* Products */ = {
			isa = PBXGroup;
			children = (
				DE0A04372121519700693022 /* SNExtensions.app */,
				DE0A044B2121519800693022 /* SNExtensionsTests.xctest */,
				DE0A04562121519800693022 /* SNExtensionsUITests.xctest */,
			);
			name = Products;
			sourceTree = "<group>";
		};
		DE0A04392121519700693022 /* SNExtensions */ = {
			isa = PBXGroup;
			children = (
				DE0A0468212152C200693022 /* SNExtensions */,
				DE0A043A2121519700693022 /* AppDelegate.swift */,
				DE0A043C2121519700693022 /* ViewController.swift */,
				DE0A043E2121519700693022 /* Main.storyboard */,
				DE0A04412121519800693022 /* Assets.xcassets */,
				DE0A04432121519800693022 /* LaunchScreen.storyboard */,
				DE0A04462121519800693022 /* Info.plist */,
			);
			path = SNExtensions;
			sourceTree = "<group>";
		};
		DE0A044E2121519800693022 /* SNExtensionsTests */ = {
			isa = PBXGroup;
			children = (
				DE0A044F2121519800693022 /* SNExtensionsTests.swift */,
				DE0A04512121519800693022 /* Info.plist */,
			);
			path = SNExtensionsTests;
			sourceTree = "<group>";
		};
		DE0A04592121519800693022 /* SNExtensionsUITests */ = {
			isa = PBXGroup;
			children = (
				DE0A045A2121519800693022 /* SNExtensionsUITests.swift */,
				DE0A045C2121519800693022 /* Info.plist */,
			);
			path = SNExtensionsUITests;
			sourceTree = "<group>";
		};
		DE0A0468212152C200693022 /* SNExtensions */ = {
			isa = PBXGroup;
			children = (
				DE0A0469212152C200693022 /* UIButtonExtension.swift */,
				DE0A046A212152C200693022 /* UIScreenExtension.swift */,
				DE0A046C212152C200693022 /* NSObjectExtension.swift */,
				DE0A046D212152C200693022 /* NotificationCenterExtension.swift */,
				DE0A046E212152C200693022 /* TimerExtension.swift */,
				DE0A046F212152C200693022 /* IntExtension.swift */,
				DE0A0470212152C200693022 /* UIViewExtension.swift */,
				DE0A0471212152C200693022 /* URLExtension.swift */,
				DE0A0472212152C200693022 /* DataExtension.swift */,
				DE0A0473212152C200693022 /* SNMD5.swift */,
				DE0A0474212152C200693022 /* UIFontExtension.swift */,
				DE0A0475212152C200693022 /* StringExtension.swift */,
				DE0A0476212152C200693022 /* DictionaryExtension.swift */,
				DE0A0477212152C200693022 /* UIImageExtension.swift */,
				DE0A0478212152C200693022 /* DateExtension.swift */,
			);
			path = SNExtensions;
			sourceTree = "<group>";
		};
/* End PBXGroup section */

/* Begin PBXNativeTarget section */
		DE0A04362121519700693022 /* SNExtensions */ = {
			isa = PBXNativeTarget;
			buildConfigurationList = DE0A045F2121519800693022 /* Build configuration list for PBXNativeTarget "SNExtensions" */;
			buildPhases = (
				D4788897672B2A366A69332F /* [CP] Check Pods Manifest.lock */,
				DE0A04332121519700693022 /* Sources */,
				DE0A04342121519700693022 /* Frameworks */,
				DE0A04352121519700693022 /* Resources */,
			);
			buildRules = (
			);
			dependencies = (
			);
			name = SNExtensions;
			productName = SNExtensions;
			productReference = DE0A04372121519700693022 /* SNExtensions.app */;
			productType = "com.apple.product-type.application";
		};
		DE0A044A2121519800693022 /* SNExtensionsTests */ = {
			isa = PBXNativeTarget;
			buildConfigurationList = DE0A04622121519800693022 /* Build configuration list for PBXNativeTarget "SNExtensionsTests" */;
			buildPhases = (
				DE0A04472121519800693022 /* Sources */,
				DE0A04482121519800693022 /* Frameworks */,
				DE0A04492121519800693022 /* Resources */,
			);
			buildRules = (
			);
			dependencies = (
				DE0A044D2121519800693022 /* PBXTargetDependency */,
			);
			name = SNExtensionsTests;
			productName = SNExtensionsTests;
			productReference = DE0A044B2121519800693022 /* SNExtensionsTests.xctest */;
			productType = "com.apple.product-type.bundle.unit-test";
		};
		DE0A04552121519800693022 /* SNExtensionsUITests */ = {
			isa = PBXNativeTarget;
			buildConfigurationList = DE0A04652121519800693022 /* Build configuration list for PBXNativeTarget "SNExtensionsUITests" */;
			buildPhases = (
				DE0A04522121519800693022 /* Sources */,
				DE0A04532121519800693022 /* Frameworks */,
				DE0A04542121519800693022 /* Resources */,
			);
			buildRules = (
			);
			dependencies = (
				DE0A04582121519800693022 /* PBXTargetDependency */,
			);
			name = SNExtensionsUITests;
			productName = SNExtensionsUITests;
			productReference = DE0A04562121519800693022 /* SNExtensionsUITests.xctest */;
			productType = "com.apple.product-type.bundle.ui-testing";
		};
/* End PBXNativeTarget section */

/* Begin PBXProject section */
		DE0A042F2121519700693022 /* Project object */ = {
			isa = PBXProject;
			attributes = {
				LastSwiftUpdateCheck = 0940;
				LastUpgradeCheck = 0940;
				ORGANIZATIONNAME = zsf;
				TargetAttributes = {
					DE0A04362121519700693022 = {
						CreatedOnToolsVersion = 9.4.1;
					};
					DE0A044A2121519800693022 = {
						CreatedOnToolsVersion = 9.4.1;
						TestTargetID = DE0A04362121519700693022;
					};
					DE0A04552121519800693022 = {
						CreatedOnToolsVersion = 9.4.1;
						TestTargetID = DE0A04362121519700693022;
					};
				};
			};
			buildConfigurationList = DE0A04322121519700693022 /* Build configuration list for PBXProject "SNExtensions" */;
			compatibilityVersion = "Xcode 9.3";
			developmentRegion = en;
			hasScannedForEncodings = 0;
			knownRegions = (
				en,
				Base,
			);
			mainGroup = DE0A042E2121519700693022;
			productRefGroup = DE0A04382121519700693022 /* Products */;
			projectDirPath = "";
			projectRoot = "";
			targets = (
				DE0A04362121519700693022 /* SNExtensions */,
				DE0A044A2121519800693022 /* SNExtensionsTests */,
				DE0A04552121519800693022 /* SNExtensionsUITests */,
			);
		};
/* End PBXProject section */

/* Begin PBXResourcesBuildPhase section */
		DE0A04352121519700693022 /* Resources */ = {
			isa = PBXResourcesBuildPhase;
			buildActionMask = 2147483647;
			files = (
				DE0A04452121519800693022 /* LaunchScreen.storyboard in Resources */,
				DE0A04422121519800693022 /* Assets.xcassets in Resources */,
				DE0A04402121519700693022 /* Main.storyboard in Resources */,
			);
			runOnlyForDeploymentPostprocessing = 0;
		};
		DE0A04492121519800693022 /* Resources */ = {
			isa = PBXResourcesBuildPhase;
			buildActionMask = 2147483647;
			files = (
			);
			runOnlyForDeploymentPostprocessing = 0;
		};
		DE0A04542121519800693022 /* Resources */ = {
			isa = PBXResourcesBuildPhase;
			buildActionMask = 2147483647;
			files = (
			);
			runOnlyForDeploymentPostprocessing = 0;
		};
/* End PBXResourcesBuildPhase section */

/* Begin PBXShellScriptBuildPhase section */
		D4788897672B2A366A69332F /* [CP] Check Pods Manifest.lock */ = {
			isa = PBXShellScriptBuildPhase;
			buildActionMask = 2147483647;
			files = (
			);
			inputPaths = (
				"${PODS_PODFILE_DIR_PATH}/Podfile.lock",
				"${PODS_ROOT}/Manifest.lock",
			);
			name = "[CP] Check Pods Manifest.lock";
			outputPaths = (
				"$(DERIVED_FILE_DIR)/Pods-SNExtensions-checkManifestLockResult.txt",
			);
			runOnlyForDeploymentPostprocessing = 0;
			shellPath = /bin/sh;
			shellScript = "diff \"${PODS_PODFILE_DIR_PATH}/Podfile.lock\" \"${PODS_ROOT}/Manifest.lock\" > /dev/null\nif [ $? != 0 ] ; then\n    # print error to STDERR\n    echo \"error: The sandbox is not in sync with the Podfile.lock. Run 'pod install' or update your CocoaPods installation.\" >&2\n    exit 1\nfi\n# This output is used by Xcode 'outputs' to avoid re-running this script phase.\necho \"SUCCESS\" > \"${SCRIPT_OUTPUT_FILE_0}\"\n";
			showEnvVarsInLog = 0;
		};
/* End PBXShellScriptBuildPhase section */

/* Begin PBXSourcesBuildPhase section */
		DE0A04332121519700693022 /* Sources */ = {
			isa = PBXSourcesBuildPhase;
			buildActionMask = 2147483647;
			files = (
				DE0A0481212152C200693022 /* URLExtension.swift in Sources */,
				DE0A0482212152C200693022 /* DataExtension.swift in Sources */,
				DE0A0487212152C200693022 /* UIImageExtension.swift in Sources */,
				DE0A0485212152C200693022 /* StringExtension.swift in Sources */,
				DE0A0480212152C200693022 /* UIViewExtension.swift in Sources */,
				DE0A047D212152C200693022 /* NotificationCenterExtension.swift in Sources */,
				DE0A0483212152C200693022 /* SNMD5.swift in Sources */,
				DE0A043D2121519700693022 /* ViewController.swift in Sources */,
				DE0A0486212152C200693022 /* DictionaryExtension.swift in Sources */,
				DE0A047C212152C200693022 /* NSObjectExtension.swift in Sources */,
				DE0A047A212152C200693022 /* UIScreenExtension.swift in Sources */,
				DE0A047F212152C200693022 /* IntExtension.swift in Sources */,
				DE0A0488212152C200693022 /* DateExtension.swift in Sources */,
				DE0A0484212152C200693022 /* UIFontExtension.swift in Sources */,
				DE0A047E212152C200693022 /* TimerExtension.swift in Sources */,
				DE0A043B2121519700693022 /* AppDelegate.swift in Sources */,
				DE0A0479212152C200693022 /* UIButtonExtension.swift in Sources */,
			);
			runOnlyForDeploymentPostprocessing = 0;
		};
		DE0A04472121519800693022 /* Sources */ = {
			isa = PBXSourcesBuildPhase;
			buildActionMask = 2147483647;
			files = (
				DE0A04502121519800693022 /* SNExtensionsTests.swift in Sources */,
			);
			runOnlyForDeploymentPostprocessing = 0;
		};
		DE0A04522121519800693022 /* Sources */ = {
			isa = PBXSourcesBuildPhase;
			buildActionMask = 2147483647;
			files = (
				DE0A045B2121519800693022 /* SNExtensionsUITests.swift in Sources */,
			);
			runOnlyForDeploymentPostprocessing = 0;
		};
/* End PBXSourcesBuildPhase section */

/* Begin PBXTargetDependency section */
		DE0A044D2121519800693022 /* PBXTargetDependency */ = {
			isa = PBXTargetDependency;
			target = DE0A04362121519700693022 /* SNExtensions */;
			targetProxy = DE0A044C2121519800693022 /* PBXContainerItemProxy */;
		};
		DE0A04582121519800693022 /* PBXTargetDependency */ = {
			isa = PBXTargetDependency;
			target = DE0A04362121519700693022 /* SNExtensions */;
			targetProxy = DE0A04572121519800693022 /* PBXContainerItemProxy */;
		};
/* End PBXTargetDependency section */

/* Begin PBXVariantGroup section */
		DE0A043E2121519700693022 /* Main.storyboard */ = {
			isa = PBXVariantGroup;
			children = (
				DE0A043F2121519700693022 /* Base */,
			);
			name = Main.storyboard;
			sourceTree = "<group>";
		};
		DE0A04432121519800693022 /* LaunchScreen.storyboard */ = {
			isa = PBXVariantGroup;
			children = (
				DE0A04442121519800693022 /* Base */,
			);
			name = LaunchScreen.storyboard;
			sourceTree = "<group>";
		};
/* End PBXVariantGroup section */

/* Begin XCBuildConfiguration section */
		DE0A045D2121519800693022 /* Debug */ = {
			isa = XCBuildConfiguration;
			buildSettings = {
				ALWAYS_SEARCH_USER_PATHS = NO;
				CLANG_ANALYZER_NONNULL = YES;
				CLANG_ANALYZER_NUMBER_OBJECT_CONVERSION = YES_AGGRESSIVE;
				CLANG_CXX_LANGUAGE_STANDARD = "gnu++14";
				CLANG_CXX_LIBRARY = "libc++";
				CLANG_ENABLE_MODULES = YES;
				CLANG_ENABLE_OBJC_ARC = YES;
				CLANG_ENABLE_OBJC_WEAK = YES;
				CLANG_WARN_BLOCK_CAPTURE_AUTORELEASING = YES;
				CLANG_WARN_BOOL_CONVERSION = YES;
				CLANG_WARN_COMMA = YES;
				CLANG_WARN_CONSTANT_CONVERSION = YES;
				CLANG_WARN_DEPRECATED_OBJC_IMPLEMENTATIONS = YES;
				CLANG_WARN_DIRECT_OBJC_ISA_USAGE = YES_ERROR;
				CLANG_WARN_DOCUMENTATION_COMMENTS = YES;
				CLANG_WARN_EMPTY_BODY = YES;
				CLANG_WARN_ENUM_CONVERSION = YES;
				CLANG_WARN_INFINITE_RECURSION = YES;
				CLANG_WARN_INT_CONVERSION = YES;
				CLANG_WARN_NON_LITERAL_NULL_CONVERSION = YES;
				CLANG_WARN_OBJC_IMPLICIT_RETAIN_SELF = YES;
				CLANG_WARN_OBJC_LITERAL_CONVERSION = YES;
				CLANG_WARN_OBJC_ROOT_CLASS = YES_ERROR;
				CLANG_WARN_RANGE_LOOP_ANALYSIS = YES;
				CLANG_WARN_STRICT_PROTOTYPES = YES;
				CLANG_WARN_SUSPICIOUS_MOVE = YES;
				CLANG_WARN_UNGUARDED_AVAILABILITY = YES_AGGRESSIVE;
				CLANG_WARN_UNREACHABLE_CODE = YES;
				CLANG_WARN__DUPLICATE_METHOD_MATCH = YES;
				CODE_SIGN_IDENTITY = "iPhone Developer";
				COPY_PHASE_STRIP = NO;
				DEBUG_INFORMATION_FORMAT = dwarf;
				ENABLE_STRICT_OBJC_MSGSEND = YES;
				ENABLE_TESTABILITY = YES;
				GCC_C_LANGUAGE_STANDARD = gnu11;
				GCC_DYNAMIC_NO_PIC = NO;
				GCC_NO_COMMON_BLOCKS = YES;
				GCC_OPTIMIZATION_LEVEL = 0;
				GCC_PREPROCESSOR_DEFINITIONS = (
					"DEBUG=1",
					"$(inherited)",
				);
				GCC_WARN_64_TO_32_BIT_CONVERSION = YES;
				GCC_WARN_ABOUT_RETURN_TYPE = YES_ERROR;
				GCC_WARN_UNDECLARED_SELECTOR = YES;
				GCC_WARN_UNINITIALIZED_AUTOS = YES_AGGRESSIVE;
				GCC_WARN_UNUSED_FUNCTION = YES;
				GCC_WARN_UNUSED_VARIABLE = YES;
				IPHONEOS_DEPLOYMENT_TARGET = 11.4;
				MTL_ENABLE_DEBUG_INFO = YES;
				ONLY_ACTIVE_ARCH = YES;
				SDKROOT = iphoneos;
				SWIFT_ACTIVE_COMPILATION_CONDITIONS = DEBUG;
				SWIFT_OPTIMIZATION_LEVEL = "-Onone";
			};
			name = Debug;
		};
		DE0A045E2121519800693022 /* Release */ = {
			isa = XCBuildConfiguration;
			buildSettings = {
				ALWAYS_SEARCH_USER_PATHS = NO;
				CLANG_ANALYZER_NONNULL = YES;
				CLANG_ANALYZER_NUMBER_OBJECT_CONVERSION = YES_AGGRESSIVE;
				CLANG_CXX_LANGUAGE_STANDARD = "gnu++14";
				CLANG_CXX_LIBRARY = "libc++";
				CLANG_ENABLE_MODULES = YES;
				CLANG_ENABLE_OBJC_ARC = YES;
				CLANG_ENABLE_OBJC_WEAK = YES;
				CLANG_WARN_BLOCK_CAPTURE_AUTORELEASING = YES;
				CLANG_WARN_BOOL_CONVERSION = YES;
				CLANG_WARN_COMMA = YES;
				CLANG_WARN_CONSTANT_CONVERSION = YES;
				CLANG_WARN_DEPRECATED_OBJC_IMPLEMENTATIONS = YES;
				CLANG_WARN_DIRECT_OBJC_ISA_USAGE = YES_ERROR;
				CLANG_WARN_DOCUMENTATION_COMMENTS = YES;
				CLANG_WARN_EMPTY_BODY = YES;
				CLANG_WARN_ENUM_CONVERSION = YES;
				CLANG_WARN_INFINITE_RECURSION = YES;
				CLANG_WARN_INT_CONVERSION = YES;
				CLANG_WARN_NON_LITERAL_NULL_CONVERSION = YES;
				CLANG_WARN_OBJC_IMPLICIT_RETAIN_SELF = YES;
				CLANG_WARN_OBJC_LITERAL_CONVERSION = YES;
				CLANG_WARN_OBJC_ROOT_CLASS = YES_ERROR;
				CLANG_WARN_RANGE_LOOP_ANALYSIS = YES;
				CLANG_WARN_STRICT_PROTOTYPES = YES;
				CLANG_WARN_SUSPICIOUS_MOVE = YES;
				CLANG_WARN_UNGUARDED_AVAILABILITY = YES_AGGRESSIVE;
				CLANG_WARN_UNREACHABLE_CODE = YES;
				CLANG_WARN__DUPLICATE_METHOD_MATCH = YES;
				CODE_SIGN_IDENTITY = "iPhone Developer";
				COPY_PHASE_STRIP = NO;
				DEBUG_INFORMATION_FORMAT = "dwarf-with-dsym";
				ENABLE_NS_ASSERTIONS = NO;
				ENABLE_STRICT_OBJC_MSGSEND = YES;
				GCC_C_LANGUAGE_STANDARD = gnu11;
				GCC_NO_COMMON_BLOCKS = YES;
				GCC_WARN_64_TO_32_BIT_CONVERSION = YES;
				GCC_WARN_ABOUT_RETURN_TYPE = YES_ERROR;
				GCC_WARN_UNDECLARED_SELECTOR = YES;
				GCC_WARN_UNINITIALIZED_AUTOS = YES_AGGRESSIVE;
				GCC_WARN_UNUSED_FUNCTION = YES;
				GCC_WARN_UNUSED_VARIABLE = YES;
				IPHONEOS_DEPLOYMENT_TARGET = 11.4;
				MTL_ENABLE_DEBUG_INFO = NO;
				SDKROOT = iphoneos;
				SWIFT_COMPILATION_MODE = wholemodule;
				SWIFT_OPTIMIZATION_LEVEL = "-O";
				VALIDATE_PRODUCT = YES;
			};
			name = Release;
		};
		DE0A04602121519800693022 /* Debug */ = {
			isa = XCBuildConfiguration;
			baseConfigurationReference = CD5EE78E5DC6BA3FC9425EE2 /* Pods-SNExtensions.debug.xcconfig */;
			buildSettings = {
				ASSETCATALOG_COMPILER_APPICON_NAME = AppIcon;
				CODE_SIGN_STYLE = Automatic;
				INFOPLIST_FILE = SNExtensions/Info.plist;
				LD_RUNPATH_SEARCH_PATHS = (
					"$(inherited)",
					"@executable_path/Frameworks",
				);
				PRODUCT_BUNDLE_IDENTIFIER = com.SNExtensions;
				PRODUCT_NAME = "$(TARGET_NAME)";
				SWIFT_VERSION = 4.0;
				TARGETED_DEVICE_FAMILY = "1,2";
			};
			name = Debug;
		};
		DE0A04612121519800693022 /* Release */ = {
			isa = XCBuildConfiguration;
			baseConfigurationReference = 7D0F640CDAE72371B8A8E79C /* Pods-SNExtensions.release.xcconfig */;
			buildSettings = {
				ASSETCATALOG_COMPILER_APPICON_NAME = AppIcon;
				CODE_SIGN_STYLE = Automatic;
				INFOPLIST_FILE = SNExtensions/Info.plist;
				LD_RUNPATH_SEARCH_PATHS = (
					"$(inherited)",
					"@executable_path/Frameworks",
				);
				PRODUCT_BUNDLE_IDENTIFIER = com.SNExtensions;
				PRODUCT_NAME = "$(TARGET_NAME)";
				SWIFT_VERSION = 4.0;
				TARGETED_DEVICE_FAMILY = "1,2";
			};
			name = Release;
		};
		DE0A04632121519800693022 /* Debug */ = {
			isa = XCBuildConfiguration;
			buildSettings = {
				ALWAYS_EMBED_SWIFT_STANDARD_LIBRARIES = YES;
				BUNDLE_LOADER = "$(TEST_HOST)";
				CODE_SIGN_STYLE = Automatic;
				INFOPLIST_FILE = SNExtensionsTests/Info.plist;
				LD_RUNPATH_SEARCH_PATHS = (
					"$(inherited)",
					"@executable_path/Frameworks",
					"@loader_path/Frameworks",
				);
				PRODUCT_BUNDLE_IDENTIFIER = com.SNExtensionsTests;
				PRODUCT_NAME = "$(TARGET_NAME)";
				SWIFT_VERSION = 4.0;
				TARGETED_DEVICE_FAMILY = "1,2";
				TEST_HOST = "$(BUILT_PRODUCTS_DIR)/SNExtensions.app/SNExtensions";
			};
			name = Debug;
		};
		DE0A04642121519800693022 /* Release */ = {
			isa = XCBuildConfiguration;
			buildSettings = {
				ALWAYS_EMBED_SWIFT_STANDARD_LIBRARIES = YES;
				BUNDLE_LOADER = "$(TEST_HOST)";
				CODE_SIGN_STYLE = Automatic;
				INFOPLIST_FILE = SNExtensionsTests/Info.plist;
				LD_RUNPATH_SEARCH_PATHS = (
					"$(inherited)",
					"@executable_path/Frameworks",
					"@loader_path/Frameworks",
				);
				PRODUCT_BUNDLE_IDENTIFIER = com.SNExtensionsTests;
				PRODUCT_NAME = "$(TARGET_NAME)";
				SWIFT_VERSION = 4.0;
				TARGETED_DEVICE_FAMILY = "1,2";
				TEST_HOST = "$(BUILT_PRODUCTS_DIR)/SNExtensions.app/SNExtensions";
			};
			name = Release;
		};
		DE0A04662121519800693022 /* Debug */ = {
			isa = XCBuildConfiguration;
			buildSettings = {
				ALWAYS_EMBED_SWIFT_STANDARD_LIBRARIES = YES;
				CODE_SIGN_STYLE = Automatic;
				INFOPLIST_FILE = SNExtensionsUITests/Info.plist;
				LD_RUNPATH_SEARCH_PATHS = (
					"$(inherited)",
					"@executable_path/Frameworks",
					"@loader_path/Frameworks",
				);
				PRODUCT_BUNDLE_IDENTIFIER = com.SNExtensionsUITests;
				PRODUCT_NAME = "$(TARGET_NAME)";
				SWIFT_VERSION = 4.0;
				TARGETED_DEVICE_FAMILY = "1,2";
				TEST_TARGET_NAME = SNExtensions;
			};
			name = Debug;
		};
		DE0A04672121519800693022 /* Release */ = {
			isa = XCBuildConfiguration;
			buildSettings = {
				ALWAYS_EMBED_SWIFT_STANDARD_LIBRARIES = YES;
				CODE_SIGN_STYLE = Automatic;
				INFOPLIST_FILE = SNExtensionsUITests/Info.plist;
				LD_RUNPATH_SEARCH_PATHS = (
					"$(inherited)",
					"@executable_path/Frameworks",
					"@loader_path/Frameworks",
				);
				PRODUCT_BUNDLE_IDENTIFIER = com.SNExtensionsUITests;
				PRODUCT_NAME = "$(TARGET_NAME)";
				SWIFT_VERSION = 4.0;
				TARGETED_DEVICE_FAMILY = "1,2";
				TEST_TARGET_NAME = SNExtensions;
			};
			name = Release;
		};
/* End XCBuildConfiguration section */

/* Begin XCConfigurationList section */
		DE0A04322121519700693022 /* Build configuration list for PBXProject "SNExtensions" */ = {
			isa = XCConfigurationList;
			buildConfigurations = (
				DE0A045D2121519800693022 /* Debug */,
				DE0A045E2121519800693022 /* Release */,
			);
			defaultConfigurationIsVisible = 0;
			defaultConfigurationName = Release;
		};
		DE0A045F2121519800693022 /* Build configuration list for PBXNativeTarget "SNExtensions" */ = {
			isa = XCConfigurationList;
			buildConfigurations = (
				DE0A04602121519800693022 /* Debug */,
				DE0A04612121519800693022 /* Release */,
			);
			defaultConfigurationIsVisible = 0;
			defaultConfigurationName = Release;
		};
		DE0A04622121519800693022 /* Build configuration list for PBXNativeTarget "SNExtensionsTests" */ = {
			isa = XCConfigurationList;
			buildConfigurations = (
				DE0A04632121519800693022 /* Debug */,
				DE0A04642121519800693022 /* Release */,
			);
			defaultConfigurationIsVisible = 0;
			defaultConfigurationName = Release;
		};
		DE0A04652121519800693022 /* Build configuration list for PBXNativeTarget "SNExtensionsUITests" */ = {
			isa = XCConfigurationList;
			buildConfigurations = (
				DE0A04662121519800693022 /* Debug */,
				DE0A04672121519800693022 /* Release */,
			);
			defaultConfigurationIsVisible = 0;
			defaultConfigurationName = Release;
		};
/* End XCConfigurationList section */
	};
	rootObject = DE0A042F2121519700693022 /* Project object */;
}
